// !$*UTF8*$!
{
	archiveVersion = 1;
	classes = {
	};
	objectVersion = 54;
	objects = {

/* Begin PBXBuildFile section */
		00E356F31AD99517003FC87E /* SampleTests.m in Sources */ = {isa = PBXBuildFile; fileRef = 00E356F21AD99517003FC87E /* SampleTests.m */; };
		13B07FBC1A68108700A75B9A /* AppDelegate.m in Sources */ = {isa = PBXBuildFile; fileRef = 13B07FB01A68108700A75B9A /* AppDelegate.m */; };
		13B07FBF1A68108700A75B9A /* Images.xcassets in Resources */ = {isa = PBXBuildFile; fileRef = 13B07FB51A68108700A75B9A /* Images.xcassets */; };
		13B07FC11A68108700A75B9A /* main.m in Sources */ = {isa = PBXBuildFile; fileRef = 13B07FB71A68108700A75B9A /* main.m */; };
		81AB9BB82411601600AC10FF /* LaunchScreen.storyboard in Resources */ = {isa = PBXBuildFile; fileRef = 81AB9BB72411601600AC10FF /* LaunchScreen.storyboard */; };
		5F72428E6DBC4AD499E8B681 /* AntDesign.ttf in Resources */ = {isa = PBXBuildFile; fileRef = 2E209731921E4D00A7A9621E /* AntDesign.ttf */; };
		1647CF0C06B1400FBE8C84FD /* Entypo.ttf in Resources */ = {isa = PBXBuildFile; fileRef = F3E2EEAAD76F495483CAD63D /* Entypo.ttf */; };
		A70C13D06F874AAA8C81248D /* EvilIcons.ttf in Resources */ = {isa = PBXBuildFile; fileRef = 204A0C32C6FD4044B78E80BF /* EvilIcons.ttf */; };
		90362555046243DC822E0BC2 /* Feather.ttf in Resources */ = {isa = PBXBuildFile; fileRef = D0D7AE8D735140CCAAA6DC37 /* Feather.ttf */; };
		6A242B53864C4F7395691339 /* FontAwesome.ttf in Resources */ = {isa = PBXBuildFile; fileRef = 1CFD78BEAAEF4B33A9A92084 /* FontAwesome.ttf */; };
		A053F202EC094216BD1C1CA3 /* FontAwesome5_Brands.ttf in Resources */ = {isa = PBXBuildFile; fileRef = 22D8119843D249139D4DC88C /* FontAwesome5_Brands.ttf */; };
		199625C20F5643409A4440B0 /* FontAwesome5_Regular.ttf in Resources */ = {isa = PBXBuildFile; fileRef = CD432BF58B284B2EA1FB7FDF /* FontAwesome5_Regular.ttf */; };
		0338666AD83B4F7C8C474A13 /* FontAwesome5_Solid.ttf in Resources */ = {isa = PBXBuildFile; fileRef = 531D0F5354004989A9839DD8 /* FontAwesome5_Solid.ttf */; };
		0F97BE49FF2744ACB8A7682F /* Fontisto.ttf in Resources */ = {isa = PBXBuildFile; fileRef = E32E2ECDC2AB4D86AE6F6FC3 /* Fontisto.ttf */; };
		A3F2A71BA87A4A17A25E2FE8 /* Foundation.ttf in Resources */ = {isa = PBXBuildFile; fileRef = 8FE3A5A7FF9F437E9AF34FDC /* Foundation.ttf */; };
		104B52AB97E94FCB9C88612D /* Ionicons.ttf in Resources */ = {isa = PBXBuildFile; fileRef = FED920B1BB8B4C27A2338AF1 /* Ionicons.ttf */; };
		45885DB1B5294DCDAAC79F92 /* MaterialCommunityIcons.ttf in Resources */ = {isa = PBXBuildFile; fileRef = 3C74F3587F8D48F688E32789 /* MaterialCommunityIcons.ttf */; };
		8A60E2DD560249F09DB670D6 /* MaterialIcons.ttf in Resources */ = {isa = PBXBuildFile; fileRef = 68D66B125DB040F49D214A95 /* MaterialIcons.ttf */; };
		00D34D5171CB49E78BE17AA1 /* Octicons.ttf in Resources */ = {isa = PBXBuildFile; fileRef = 8E72EE3F07B4482C880B06B9 /* Octicons.ttf */; };
		D13D2D76D7F84C56B3217B76 /* SimpleLineIcons.ttf in Resources */ = {isa = PBXBuildFile; fileRef = AD63D1480E7F4924B1E0FDA1 /* SimpleLineIcons.ttf */; };
		76144F60800A4F16A72F4A3C /* Zocial.ttf in Resources */ = {isa = PBXBuildFile; fileRef = 2CA81DBFA38743B4AEC228B7 /* Zocial.ttf */; };
		E87C1312D8114ED7A0226298 /* Kufam-Italic-VariableFont_wght.ttf in Resources */ = {isa = PBXBuildFile; fileRef = A63F8A1C0AB842E59593FE2F /* Kufam-Italic-VariableFont_wght.ttf */; };
		BA80019C8389472B97AA5D5F /* Kufam-VariableFont_wght.ttf in Resources */ = {isa = PBXBuildFile; fileRef = 682A7E07A5DF47869DDF23A4 /* Kufam-VariableFont_wght.ttf */; };
		B585282BF55045F2B88DD567 /* Lato-Black.ttf in Resources */ = {isa = PBXBuildFile; fileRef = 2A62E3CDCC39436EBE7D8439 /* Lato-Black.ttf */; };
		111225BF7C604340A72E3231 /* Lato-BlackItalic.ttf in Resources */ = {isa = PBXBuildFile; fileRef = 2F1ECD126A6E487997B4CAE5 /* Lato-BlackItalic.ttf */; };
		D875D06667604B488A57B071 /* Lato-Bold.ttf in Resources */ = {isa = PBXBuildFile; fileRef = 4C9AD09E6D1542F5ADB17B91 /* Lato-Bold.ttf */; };
		73F79E02928945C1A06F95B4 /* Lato-BoldItalic.ttf in Resources */ = {isa = PBXBuildFile; fileRef = 0D55C0124521404C92CD5817 /* Lato-BoldItalic.ttf */; };
		4CE30AC904E14C04A68CBFCE /* Lato-Italic.ttf in Resources */ = {isa = PBXBuildFile; fileRef = B0E8867E5E314625BFD28A98 /* Lato-Italic.ttf */; };
		3E126CB7FB014C9FBEFD1507 /* Lato-Light.ttf in Resources */ = {isa = PBXBuildFile; fileRef = CB4421CB42BA494686F57589 /* Lato-Light.ttf */; };
		D3735183119346A5ADCFE451 /* Lato-LightItalic.ttf in Resources */ = {isa = PBXBuildFile; fileRef = C4D76939B5F640308FAFFEEE /* Lato-LightItalic.ttf */; };
		FBB4852200B740AE9D9351E4 /* Lato-Regular.ttf in Resources */ = {isa = PBXBuildFile; fileRef = 370A1EDC45364BA887F232A0 /* Lato-Regular.ttf */; };
		4FAD3B9C23584045924633B9 /* Lato-Thin.ttf in Resources */ = {isa = PBXBuildFile; fileRef = 8300D7D4C160419AA152B7D0 /* Lato-Thin.ttf */; };
		BC3A3BAA21AA406E9CBD539C /* Lato-ThinItalic.ttf in Resources */ = {isa = PBXBuildFile; fileRef = 086E77ED7CAA45DC98D525BA /* Lato-ThinItalic.ttf */; };
		13919BB143484D5791002BCF /* Kufam-Black.ttf in Resources */ = {isa = PBXBuildFile; fileRef = 45FA72C2DD714C2FB5E2D9F7 /* Kufam-Black.ttf */; };
		FC2E9303F4C34DCEBACD35ED /* Kufam-BlackItalic.ttf in Resources */ = {isa = PBXBuildFile; fileRef = 270C74FA00B04744AAEBFC0C /* Kufam-BlackItalic.ttf */; };
		4FD13D60024F412C8EDA6FF9 /* Kufam-Bold.ttf in Resources */ = {isa = PBXBuildFile; fileRef = 729C9010CE554325B258687A /* Kufam-Bold.ttf */; };
		0256FAE725BE441D96A5FBD6 /* Kufam-BoldItalic.ttf in Resources */ = {isa = PBXBuildFile; fileRef = 83970BB3D3F8406AAC816361 /* Kufam-BoldItalic.ttf */; };
		319549D3E7D44438833A52FE /* Kufam-ExtraBold.ttf in Resources */ = {isa = PBXBuildFile; fileRef = 3BBDBAEC5F0240508E7B9C23 /* Kufam-ExtraBold.ttf */; };
		DBE8E165A2C94DA19788E12C /* Kufam-ExtraBoldItalic.ttf in Resources */ = {isa = PBXBuildFile; fileRef = 55158DAC9364470EBB7F2ADC /* Kufam-ExtraBoldItalic.ttf */; };
		42D2E73EC88B4BB6A2564A93 /* Kufam-Italic.ttf in Resources */ = {isa = PBXBuildFile; fileRef = 6467A523C34F4E5C8B8C2C8C /* Kufam-Italic.ttf */; };
		0CAA7F9F05C44882B532344B /* Kufam-Medium.ttf in Resources */ = {isa = PBXBuildFile; fileRef = 8ADA9D20A131430A91B2EB0B /* Kufam-Medium.ttf */; };
		CCD0EB1FEE6E4CCAA3DA3E3F /* Kufam-MediumItalic.ttf in Resources */ = {isa = PBXBuildFile; fileRef = 715F0DE409284552BA51D2DF /* Kufam-MediumItalic.ttf */; };
		543B2DBC217B4FEAB6484363 /* Kufam-Regular.ttf in Resources */ = {isa = PBXBuildFile; fileRef = 7F31B55502E64EC5B819B52B /* Kufam-Regular.ttf */; };
		52FD9136116A4DC9832B61B1 /* Kufam-SemiBold.ttf in Resources */ = {isa = PBXBuildFile; fileRef = FF9C41319BB044ADA79137AB /* Kufam-SemiBold.ttf */; };
		8F92052AD63B48A2BBFF507D /* Kufam-SemiBoldItalic.ttf in Resources */ = {isa = PBXBuildFile; fileRef = D217A4DB706747FBB0BF40E3 /* Kufam-SemiBoldItalic.ttf */; };
/* End PBXBuildFile section */

/* Begin PBXContainerItemProxy section */
		00E356F41AD99517003FC87E /* PBXContainerItemProxy */ = {
			isa = PBXContainerItemProxy;
			containerPortal = 83CBB9F71A601CBA00E9B192 /* Project object */;
			proxyType = 1;
			remoteGlobalIDString = 13B07F861A680F5B00A75B9A;
			remoteInfo = Sample;
		};
/* End PBXContainerItemProxy section */

/* Begin PBXFileReference section */
		00E356EE1AD99517003FC87E /* SampleTests.xctest */ = {isa = PBXFileReference; explicitFileType = wrapper.cfbundle; includeInIndex = 0; path = SampleTests.xctest; sourceTree = BUILT_PRODUCTS_DIR; };
		00E356F11AD99517003FC87E /* Info.plist */ = {isa = PBXFileReference; lastKnownFileType = text.plist.xml; path = Info.plist; sourceTree = "<group>"; };
		00E356F21AD99517003FC87E /* SampleTests.m */ = {isa = PBXFileReference; lastKnownFileType = sourcecode.c.objc; path = SampleTests.m; sourceTree = "<group>"; };
		13B07F961A680F5B00A75B9A /* Sample.app */ = {isa = PBXFileReference; explicitFileType = wrapper.application; includeInIndex = 0; path = Sample.app; sourceTree = BUILT_PRODUCTS_DIR; };
		13B07FAF1A68108700A75B9A /* AppDelegate.h */ = {isa = PBXFileReference; fileEncoding = 4; lastKnownFileType = sourcecode.c.h; name = AppDelegate.h; path = Sample/AppDelegate.h; sourceTree = "<group>"; };
		13B07FB01A68108700A75B9A /* AppDelegate.m */ = {isa = PBXFileReference; fileEncoding = 4; lastKnownFileType = sourcecode.c.objc; name = AppDelegate.m; path = Sample/AppDelegate.m; sourceTree = "<group>"; };
		13B07FB51A68108700A75B9A /* Images.xcassets */ = {isa = PBXFileReference; lastKnownFileType = folder.assetcatalog; name = Images.xcassets; path = Sample/Images.xcassets; sourceTree = "<group>"; };
		13B07FB61A68108700A75B9A /* Info.plist */ = {isa = PBXFileReference; fileEncoding = 4; lastKnownFileType = text.plist.xml; name = Info.plist; path = Sample/Info.plist; sourceTree = "<group>"; };
		13B07FB71A68108700A75B9A /* main.m */ = {isa = PBXFileReference; fileEncoding = 4; lastKnownFileType = sourcecode.c.objc; name = main.m; path = Sample/main.m; sourceTree = "<group>"; };
		81AB9BB72411601600AC10FF /* LaunchScreen.storyboard */ = {isa = PBXFileReference; fileEncoding = 4; lastKnownFileType = file.storyboard; name = LaunchScreen.storyboard; path = Sample/LaunchScreen.storyboard; sourceTree = "<group>"; };
		ED297162215061F000B7C4FE /* JavaScriptCore.framework */ = {isa = PBXFileReference; lastKnownFileType = wrapper.framework; name = JavaScriptCore.framework; path = System/Library/Frameworks/JavaScriptCore.framework; sourceTree = SDKROOT; };
		2E209731921E4D00A7A9621E /* AntDesign.ttf */ = {isa = PBXFileReference; name = "AntDesign.ttf"; path = "../node_modules/react-native-vector-icons/Fonts/AntDesign.ttf"; sourceTree = "<group>"; fileEncoding = undefined; lastKnownFileType = unknown; explicitFileType = undefined; includeInIndex = 0; };
		F3E2EEAAD76F495483CAD63D /* Entypo.ttf */ = {isa = PBXFileReference; name = "Entypo.ttf"; path = "../node_modules/react-native-vector-icons/Fonts/Entypo.ttf"; sourceTree = "<group>"; fileEncoding = undefined; lastKnownFileType = unknown; explicitFileType = undefined; includeInIndex = 0; };
		204A0C32C6FD4044B78E80BF /* EvilIcons.ttf */ = {isa = PBXFileReference; name = "EvilIcons.ttf"; path = "../node_modules/react-native-vector-icons/Fonts/EvilIcons.ttf"; sourceTree = "<group>"; fileEncoding = undefined; lastKnownFileType = unknown; explicitFileType = undefined; includeInIndex = 0; };
		D0D7AE8D735140CCAAA6DC37 /* Feather.ttf */ = {isa = PBXFileReference; name = "Feather.ttf"; path = "../node_modules/react-native-vector-icons/Fonts/Feather.ttf"; sourceTree = "<group>"; fileEncoding = undefined; lastKnownFileType = unknown; explicitFileType = undefined; includeInIndex = 0; };
		1CFD78BEAAEF4B33A9A92084 /* FontAwesome.ttf */ = {isa = PBXFileReference; name = "FontAwesome.ttf"; path = "../node_modules/react-native-vector-icons/Fonts/FontAwesome.ttf"; sourceTree = "<group>"; fileEncoding = undefined; lastKnownFileType = unknown; explicitFileType = undefined; includeInIndex = 0; };
		22D8119843D249139D4DC88C /* FontAwesome5_Brands.ttf */ = {isa = PBXFileReference; name = "FontAwesome5_Brands.ttf"; path = "../node_modules/react-native-vector-icons/Fonts/FontAwesome5_Brands.ttf"; sourceTree = "<group>"; fileEncoding = undefined; lastKnownFileType = unknown; explicitFileType = undefined; includeInIndex = 0; };
		CD432BF58B284B2EA1FB7FDF /* FontAwesome5_Regular.ttf */ = {isa = PBXFileReference; name = "FontAwesome5_Regular.ttf"; path = "../node_modules/react-native-vector-icons/Fonts/FontAwesome5_Regular.ttf"; sourceTree = "<group>"; fileEncoding = undefined; lastKnownFileType = unknown; explicitFileType = undefined; includeInIndex = 0; };
		531D0F5354004989A9839DD8 /* FontAwesome5_Solid.ttf */ = {isa = PBXFileReference; name = "FontAwesome5_Solid.ttf"; path = "../node_modules/react-native-vector-icons/Fonts/FontAwesome5_Solid.ttf"; sourceTree = "<group>"; fileEncoding = undefined; lastKnownFileType = unknown; explicitFileType = undefined; includeInIndex = 0; };
		E32E2ECDC2AB4D86AE6F6FC3 /* Fontisto.ttf */ = {isa = PBXFileReference; name = "Fontisto.ttf"; path = "../node_modules/react-native-vector-icons/Fonts/Fontisto.ttf"; sourceTree = "<group>"; fileEncoding = undefined; lastKnownFileType = unknown; explicitFileType = undefined; includeInIndex = 0; };
		8FE3A5A7FF9F437E9AF34FDC /* Foundation.ttf */ = {isa = PBXFileReference; name = "Foundation.ttf"; path = "../node_modules/react-native-vector-icons/Fonts/Foundation.ttf"; sourceTree = "<group>"; fileEncoding = undefined; lastKnownFileType = unknown; explicitFileType = undefined; includeInIndex = 0; };
		FED920B1BB8B4C27A2338AF1 /* Ionicons.ttf */ = {isa = PBXFileReference; name = "Ionicons.ttf"; path = "../node_modules/react-native-vector-icons/Fonts/Ionicons.ttf"; sourceTree = "<group>"; fileEncoding = undefined; lastKnownFileType = unknown; explicitFileType = undefined; includeInIndex = 0; };
		3C74F3587F8D48F688E32789 /* MaterialCommunityIcons.ttf */ = {isa = PBXFileReference; name = "MaterialCommunityIcons.ttf"; path = "../node_modules/react-native-vector-icons/Fonts/MaterialCommunityIcons.ttf"; sourceTree = "<group>"; fileEncoding = undefined; lastKnownFileType = unknown; explicitFileType = undefined; includeInIndex = 0; };
		68D66B125DB040F49D214A95 /* MaterialIcons.ttf */ = {isa = PBXFileReference; name = "MaterialIcons.ttf"; path = "../node_modules/react-native-vector-icons/Fonts/MaterialIcons.ttf"; sourceTree = "<group>"; fileEncoding = undefined; lastKnownFileType = unknown; explicitFileType = undefined; includeInIndex = 0; };
		8E72EE3F07B4482C880B06B9 /* Octicons.ttf */ = {isa = PBXFileReference; name = "Octicons.ttf"; path = "../node_modules/react-native-vector-icons/Fonts/Octicons.ttf"; sourceTree = "<group>"; fileEncoding = undefined; lastKnownFileType = unknown; explicitFileType = undefined; includeInIndex = 0; };
		AD63D1480E7F4924B1E0FDA1 /* SimpleLineIcons.ttf */ = {isa = PBXFileReference; name = "SimpleLineIcons.ttf"; path = "../node_modules/react-native-vector-icons/Fonts/SimpleLineIcons.ttf"; sourceTree = "<group>"; fileEncoding = undefined; lastKnownFileType = unknown; explicitFileType = undefined; includeInIndex = 0; };
		2CA81DBFA38743B4AEC228B7 /* Zocial.ttf */ = {isa = PBXFileReference; name = "Zocial.ttf"; path = "../node_modules/react-native-vector-icons/Fonts/Zocial.ttf"; sourceTree = "<group>"; fileEncoding = undefined; lastKnownFileType = unknown; explicitFileType = undefined; includeInIndex = 0; };
		A63F8A1C0AB842E59593FE2F /* Kufam-Italic-VariableFont_wght.ttf */ = {isa = PBXFileReference; name = "Kufam-Italic-VariableFont_wght.ttf"; path = "../src/assets/fonts/Kufam-Italic-VariableFont_wght.ttf"; sourceTree = "<group>"; fileEncoding = undefined; lastKnownFileType = unknown; explicitFileType = undefined; includeInIndex = 0; };
		682A7E07A5DF47869DDF23A4 /* Kufam-VariableFont_wght.ttf */ = {isa = PBXFileReference; name = "Kufam-VariableFont_wght.ttf"; path = "../src/assets/fonts/Kufam-VariableFont_wght.ttf"; sourceTree = "<group>"; fileEncoding = undefined; lastKnownFileType = unknown; explicitFileType = undefined; includeInIndex = 0; };
		2A62E3CDCC39436EBE7D8439 /* Lato-Black.ttf */ = {isa = PBXFileReference; name = "Lato-Black.ttf"; path = "../src/assets/fonts/Lato-Black.ttf"; sourceTree = "<group>"; fileEncoding = undefined; lastKnownFileType = unknown; explicitFileType = undefined; includeInIndex = 0; };
		2F1ECD126A6E487997B4CAE5 /* Lato-BlackItalic.ttf */ = {isa = PBXFileReference; name = "Lato-BlackItalic.ttf"; path = "../src/assets/fonts/Lato-BlackItalic.ttf"; sourceTree = "<group>"; fileEncoding = undefined; lastKnownFileType = unknown; explicitFileType = undefined; includeInIndex = 0; };
		4C9AD09E6D1542F5ADB17B91 /* Lato-Bold.ttf */ = {isa = PBXFileReference; name = "Lato-Bold.ttf"; path = "../src/assets/fonts/Lato-Bold.ttf"; sourceTree = "<group>"; fileEncoding = undefined; lastKnownFileType = unknown; explicitFileType = undefined; includeInIndex = 0; };
		0D55C0124521404C92CD5817 /* Lato-BoldItalic.ttf */ = {isa = PBXFileReference; name = "Lato-BoldItalic.ttf"; path = "../src/assets/fonts/Lato-BoldItalic.ttf"; sourceTree = "<group>"; fileEncoding = undefined; lastKnownFileType = unknown; explicitFileType = undefined; includeInIndex = 0; };
		B0E8867E5E314625BFD28A98 /* Lato-Italic.ttf */ = {isa = PBXFileReference; name = "Lato-Italic.ttf"; path = "../src/assets/fonts/Lato-Italic.ttf"; sourceTree = "<group>"; fileEncoding = undefined; lastKnownFileType = unknown; explicitFileType = undefined; includeInIndex = 0; };
		CB4421CB42BA494686F57589 /* Lato-Light.ttf */ = {isa = PBXFileReference; name = "Lato-Light.ttf"; path = "../src/assets/fonts/Lato-Light.ttf"; sourceTree = "<group>"; fileEncoding = undefined; lastKnownFileType = unknown; explicitFileType = undefined; includeInIndex = 0; };
		C4D76939B5F640308FAFFEEE /* Lato-LightItalic.ttf */ = {isa = PBXFileReference; name = "Lato-LightItalic.ttf"; path = "../src/assets/fonts/Lato-LightItalic.ttf"; sourceTree = "<group>"; fileEncoding = undefined; lastKnownFileType = unknown; explicitFileType = undefined; includeInIndex = 0; };
		370A1EDC45364BA887F232A0 /* Lato-Regular.ttf */ = {isa = PBXFileReference; name = "Lato-Regular.ttf"; path = "../src/assets/fonts/Lato-Regular.ttf"; sourceTree = "<group>"; fileEncoding = undefined; lastKnownFileType = unknown; explicitFileType = undefined; includeInIndex = 0; };
		8300D7D4C160419AA152B7D0 /* Lato-Thin.ttf */ = {isa = PBXFileReference; name = "Lato-Thin.ttf"; path = "../src/assets/fonts/Lato-Thin.ttf"; sourceTree = "<group>"; fileEncoding = undefined; lastKnownFileType = unknown; explicitFileType = undefined; includeInIndex = 0; };
		086E77ED7CAA45DC98D525BA /* Lato-ThinItalic.ttf */ = {isa = PBXFileReference; name = "Lato-ThinItalic.ttf"; path = "../src/assets/fonts/Lato-ThinItalic.ttf"; sourceTree = "<group>"; fileEncoding = undefined; lastKnownFileType = unknown; explicitFileType = undefined; includeInIndex = 0; };
		45FA72C2DD714C2FB5E2D9F7 /* Kufam-Black.ttf */ = {isa = PBXFileReference; name = "Kufam-Black.ttf"; path = "../src/assets/fonts/static/Kufam-Black.ttf"; sourceTree = "<group>"; fileEncoding = undefined; lastKnownFileType = unknown; explicitFileType = undefined; includeInIndex = 0; };
		270C74FA00B04744AAEBFC0C /* Kufam-BlackItalic.ttf */ = {isa = PBXFileReference; name = "Kufam-BlackItalic.ttf"; path = "../src/assets/fonts/static/Kufam-BlackItalic.ttf"; sourceTree = "<group>"; fileEncoding = undefined; lastKnownFileType = unknown; explicitFileType = undefined; includeInIndex = 0; };
		729C9010CE554325B258687A /* Kufam-Bold.ttf */ = {isa = PBXFileReference; name = "Kufam-Bold.ttf"; path = "../src/assets/fonts/static/Kufam-Bold.ttf"; sourceTree = "<group>"; fileEncoding = undefined; lastKnownFileType = unknown; explicitFileType = undefined; includeInIndex = 0; };
		83970BB3D3F8406AAC816361 /* Kufam-BoldItalic.ttf */ = {isa = PBXFileReference; name = "Kufam-BoldItalic.ttf"; path = "../src/assets/fonts/static/Kufam-BoldItalic.ttf"; sourceTree = "<group>"; fileEncoding = undefined; lastKnownFileType = unknown; explicitFileType = undefined; includeInIndex = 0; };
		3BBDBAEC5F0240508E7B9C23 /* Kufam-ExtraBold.ttf */ = {isa = PBXFileReference; name = "Kufam-ExtraBold.ttf"; path = "../src/assets/fonts/static/Kufam-ExtraBold.ttf"; sourceTree = "<group>"; fileEncoding = undefined; lastKnownFileType = unknown; explicitFileType = undefined; includeInIndex = 0; };
		55158DAC9364470EBB7F2ADC /* Kufam-ExtraBoldItalic.ttf */ = {isa = PBXFileReference; name = "Kufam-ExtraBoldItalic.ttf"; path = "../src/assets/fonts/static/Kufam-ExtraBoldItalic.ttf"; sourceTree = "<group>"; fileEncoding = undefined; lastKnownFileType = unknown; explicitFileType = undefined; includeInIndex = 0; };
		6467A523C34F4E5C8B8C2C8C /* Kufam-Italic.ttf */ = {isa = PBXFileReference; name = "Kufam-Italic.ttf"; path = "../src/assets/fonts/static/Kufam-Italic.ttf"; sourceTree = "<group>"; fileEncoding = undefined; lastKnownFileType = unknown; explicitFileType = undefined; includeInIndex = 0; };
		8ADA9D20A131430A91B2EB0B /* Kufam-Medium.ttf */ = {isa = PBXFileReference; name = "Kufam-Medium.ttf"; path = "../src/assets/fonts/static/Kufam-Medium.ttf"; sourceTree = "<group>"; fileEncoding = undefined; lastKnownFileType = unknown; explicitFileType = undefined; includeInIndex = 0; };
		715F0DE409284552BA51D2DF /* Kufam-MediumItalic.ttf */ = {isa = PBXFileReference; name = "Kufam-MediumItalic.ttf"; path = "../src/assets/fonts/static/Kufam-MediumItalic.ttf"; sourceTree = "<group>"; fileEncoding = undefined; lastKnownFileType = unknown; explicitFileType = undefined; includeInIndex = 0; };
		7F31B55502E64EC5B819B52B /* Kufam-Regular.ttf */ = {isa = PBXFileReference; name = "Kufam-Regular.ttf"; path = "../src/assets/fonts/static/Kufam-Regular.ttf"; sourceTree = "<group>"; fileEncoding = undefined; lastKnownFileType = unknown; explicitFileType = undefined; includeInIndex = 0; };
		FF9C41319BB044ADA79137AB /* Kufam-SemiBold.ttf */ = {isa = PBXFileReference; name = "Kufam-SemiBold.ttf"; path = "../src/assets/fonts/static/Kufam-SemiBold.ttf"; sourceTree = "<group>"; fileEncoding = undefined; lastKnownFileType = unknown; explicitFileType = undefined; includeInIndex = 0; };
		D217A4DB706747FBB0BF40E3 /* Kufam-SemiBoldItalic.ttf */ = {isa = PBXFileReference; name = "Kufam-SemiBoldItalic.ttf"; path = "../src/assets/fonts/static/Kufam-SemiBoldItalic.ttf"; sourceTree = "<group>"; fileEncoding = undefined; lastKnownFileType = unknown; explicitFileType = undefined; includeInIndex = 0; };
/* End PBXFileReference section */

/* Begin PBXFrameworksBuildPhase section */
		00E356EB1AD99517003FC87E /* Frameworks */ = {
			isa = PBXFrameworksBuildPhase;
			buildActionMask = 2147483647;
			files = (
			);
			runOnlyForDeploymentPostprocessing = 0;
		};
		13B07F8C1A680F5B00A75B9A /* Frameworks */ = {
			isa = PBXFrameworksBuildPhase;
			buildActionMask = 2147483647;
			files = (
			);
			runOnlyForDeploymentPostprocessing = 0;
		};
/* End PBXFrameworksBuildPhase section */

/* Begin PBXGroup section */
		00E356EF1AD99517003FC87E /* SampleTests */ = {
			isa = PBXGroup;
			children = (
				00E356F21AD99517003FC87E /* SampleTests.m */,
				00E356F01AD99517003FC87E /* Supporting Files */,
			);
			path = SampleTests;
			sourceTree = "<group>";
		};
		00E356F01AD99517003FC87E /* Supporting Files */ = {
			isa = PBXGroup;
			children = (
				00E356F11AD99517003FC87E /* Info.plist */,
			);
			name = "Supporting Files";
			sourceTree = "<group>";
		};
		13B07FAE1A68108700A75B9A /* Sample */ = {
			isa = PBXGroup;
			children = (
				13B07FAF1A68108700A75B9A /* AppDelegate.h */,
				13B07FB01A68108700A75B9A /* AppDelegate.m */,
				13B07FB51A68108700A75B9A /* Images.xcassets */,
				13B07FB61A68108700A75B9A /* Info.plist */,
				81AB9BB72411601600AC10FF /* LaunchScreen.storyboard */,
				13B07FB71A68108700A75B9A /* main.m */,
			);
			name = Sample;
			sourceTree = "<group>";
		};
		2D16E6871FA4F8E400B85C8A /* Frameworks */ = {
			isa = PBXGroup;
			children = (
				ED297162215061F000B7C4FE /* JavaScriptCore.framework */,
			);
			name = Frameworks;
			sourceTree = "<group>";
		};
		832341AE1AAA6A7D00B99B32 /* Libraries */ = {
			isa = PBXGroup;
			children = (
			);
			name = Libraries;
			sourceTree = "<group>";
		};
		83CBB9F61A601CBA00E9B192 = {
			isa = PBXGroup;
			children = (
				13B07FAE1A68108700A75B9A /* Sample */,
				832341AE1AAA6A7D00B99B32 /* Libraries */,
				00E356EF1AD99517003FC87E /* SampleTests */,
				83CBBA001A601CBA00E9B192 /* Products */,
				2D16E6871FA4F8E400B85C8A /* Frameworks */,
				4DF2B8A554B6428B95EF9DFE /* Resources */,
			);
			indentWidth = 2;
			sourceTree = "<group>";
			tabWidth = 2;
			usesTabs = 0;
		};
		83CBBA001A601CBA00E9B192 /* Products */ = {
			isa = PBXGroup;
			children = (
				13B07F961A680F5B00A75B9A /* Sample.app */,
				00E356EE1AD99517003FC87E /* SampleTests.xctest */,
			);
			name = Products;
			sourceTree = "<group>";
		};
		4DF2B8A554B6428B95EF9DFE /* Resources */ = {
			isa = "PBXGroup";
			children = (
				2E209731921E4D00A7A9621E /* AntDesign.ttf */,
				F3E2EEAAD76F495483CAD63D /* Entypo.ttf */,
				204A0C32C6FD4044B78E80BF /* EvilIcons.ttf */,
				D0D7AE8D735140CCAAA6DC37 /* Feather.ttf */,
				1CFD78BEAAEF4B33A9A92084 /* FontAwesome.ttf */,
				22D8119843D249139D4DC88C /* FontAwesome5_Brands.ttf */,
				CD432BF58B284B2EA1FB7FDF /* FontAwesome5_Regular.ttf */,
				531D0F5354004989A9839DD8 /* FontAwesome5_Solid.ttf */,
				E32E2ECDC2AB4D86AE6F6FC3 /* Fontisto.ttf */,
				8FE3A5A7FF9F437E9AF34FDC /* Foundation.ttf */,
				FED920B1BB8B4C27A2338AF1 /* Ionicons.ttf */,
				3C74F3587F8D48F688E32789 /* MaterialCommunityIcons.ttf */,
				68D66B125DB040F49D214A95 /* MaterialIcons.ttf */,
				8E72EE3F07B4482C880B06B9 /* Octicons.ttf */,
				AD63D1480E7F4924B1E0FDA1 /* SimpleLineIcons.ttf */,
				2CA81DBFA38743B4AEC228B7 /* Zocial.ttf */,
				A63F8A1C0AB842E59593FE2F /* Kufam-Italic-VariableFont_wght.ttf */,
				682A7E07A5DF47869DDF23A4 /* Kufam-VariableFont_wght.ttf */,
				2A62E3CDCC39436EBE7D8439 /* Lato-Black.ttf */,
				2F1ECD126A6E487997B4CAE5 /* Lato-BlackItalic.ttf */,
				4C9AD09E6D1542F5ADB17B91 /* Lato-Bold.ttf */,
				0D55C0124521404C92CD5817 /* Lato-BoldItalic.ttf */,
				B0E8867E5E314625BFD28A98 /* Lato-Italic.ttf */,
				CB4421CB42BA494686F57589 /* Lato-Light.ttf */,
				C4D76939B5F640308FAFFEEE /* Lato-LightItalic.ttf */,
				370A1EDC45364BA887F232A0 /* Lato-Regular.ttf */,
				8300D7D4C160419AA152B7D0 /* Lato-Thin.ttf */,
				086E77ED7CAA45DC98D525BA /* Lato-ThinItalic.ttf */,
				45FA72C2DD714C2FB5E2D9F7 /* Kufam-Black.ttf */,
				270C74FA00B04744AAEBFC0C /* Kufam-BlackItalic.ttf */,
				729C9010CE554325B258687A /* Kufam-Bold.ttf */,
				83970BB3D3F8406AAC816361 /* Kufam-BoldItalic.ttf */,
				3BBDBAEC5F0240508E7B9C23 /* Kufam-ExtraBold.ttf */,
				55158DAC9364470EBB7F2ADC /* Kufam-ExtraBoldItalic.ttf */,
				6467A523C34F4E5C8B8C2C8C /* Kufam-Italic.ttf */,
				8ADA9D20A131430A91B2EB0B /* Kufam-Medium.ttf */,
				715F0DE409284552BA51D2DF /* Kufam-MediumItalic.ttf */,
				7F31B55502E64EC5B819B52B /* Kufam-Regular.ttf */,
				FF9C41319BB044ADA79137AB /* Kufam-SemiBold.ttf */,
				D217A4DB706747FBB0BF40E3 /* Kufam-SemiBoldItalic.ttf */,
			);
			name = Resources;
			sourceTree = "<group>";
			path = "";
		};
/* End PBXGroup section */

/* Begin PBXNativeTarget section */
		00E356ED1AD99517003FC87E /* SampleTests */ = {
			isa = PBXNativeTarget;
			buildConfigurationList = 00E357021AD99517003FC87E /* Build configuration list for PBXNativeTarget "SampleTests" */;
			buildPhases = (
				00E356EA1AD99517003FC87E /* Sources */,
				00E356EB1AD99517003FC87E /* Frameworks */,
				00E356EC1AD99517003FC87E /* Resources */,
			);
			buildRules = (
			);
			dependencies = (
				00E356F51AD99517003FC87E /* PBXTargetDependency */,
			);
			name = SampleTests;
			productName = SampleTests;
			productReference = 00E356EE1AD99517003FC87E /* SampleTests.xctest */;
			productType = "com.apple.product-type.bundle.unit-test";
		};
		13B07F861A680F5B00A75B9A /* Sample */ = {
			isa = PBXNativeTarget;
			buildConfigurationList = 13B07F931A680F5B00A75B9A /* Build configuration list for PBXNativeTarget "Sample" */;
			buildPhases = (
				FD10A7F022414F080027D42C /* Start Packager */,
				13B07F871A680F5B00A75B9A /* Sources */,
				13B07F8C1A680F5B00A75B9A /* Frameworks */,
				13B07F8E1A680F5B00A75B9A /* Resources */,
				00DD1BFF1BD5951E006B06BC /* Bundle React Native code and images */,
			);
			buildRules = (
			);
			dependencies = (
			);
			name = Sample;
			productName = Sample;
			productReference = 13B07F961A680F5B00A75B9A /* Sample.app */;
			productType = "com.apple.product-type.application";
		};
/* End PBXNativeTarget section */

/* Begin PBXProject section */
		83CBB9F71A601CBA00E9B192 /* Project object */ = {
			isa = PBXProject;
			attributes = {
				LastUpgradeCheck = 1210;
				TargetAttributes = {
					00E356ED1AD99517003FC87E = {
						CreatedOnToolsVersion = 6.2;
						TestTargetID = 13B07F861A680F5B00A75B9A;
					};
					13B07F861A680F5B00A75B9A = {
						LastSwiftMigration = 1120;
					};
				};
			};
			buildConfigurationList = 83CBB9FA1A601CBA00E9B192 /* Build configuration list for PBXProject "Sample" */;
			compatibilityVersion = "Xcode 12.0";
			developmentRegion = en;
			hasScannedForEncodings = 0;
			knownRegions = (
				en,
				Base,
			);
			mainGroup = 83CBB9F61A601CBA00E9B192;
			productRefGroup = 83CBBA001A601CBA00E9B192 /* Products */;
			projectDirPath = "";
			projectRoot = "";
			targets = (
				13B07F861A680F5B00A75B9A /* Sample */,
				00E356ED1AD99517003FC87E /* SampleTests */,
			);
		};
/* End PBXProject section */

/* Begin PBXResourcesBuildPhase section */
		00E356EC1AD99517003FC87E /* Resources */ = {
			isa = PBXResourcesBuildPhase;
			buildActionMask = 2147483647;
			files = (
			);
			runOnlyForDeploymentPostprocessing = 0;
		};
		13B07F8E1A680F5B00A75B9A /* Resources */ = {
			isa = PBXResourcesBuildPhase;
			buildActionMask = 2147483647;
			files = (
				81AB9BB82411601600AC10FF /* LaunchScreen.storyboard in Resources */,
				13B07FBF1A68108700A75B9A /* Images.xcassets in Resources */,
				5F72428E6DBC4AD499E8B681 /* AntDesign.ttf in Resources */,
				1647CF0C06B1400FBE8C84FD /* Entypo.ttf in Resources */,
				A70C13D06F874AAA8C81248D /* EvilIcons.ttf in Resources */,
				90362555046243DC822E0BC2 /* Feather.ttf in Resources */,
				6A242B53864C4F7395691339 /* FontAwesome.ttf in Resources */,
				A053F202EC094216BD1C1CA3 /* FontAwesome5_Brands.ttf in Resources */,
				199625C20F5643409A4440B0 /* FontAwesome5_Regular.ttf in Resources */,
				0338666AD83B4F7C8C474A13 /* FontAwesome5_Solid.ttf in Resources */,
				0F97BE49FF2744ACB8A7682F /* Fontisto.ttf in Resources */,
				A3F2A71BA87A4A17A25E2FE8 /* Foundation.ttf in Resources */,
				104B52AB97E94FCB9C88612D /* Ionicons.ttf in Resources */,
				45885DB1B5294DCDAAC79F92 /* MaterialCommunityIcons.ttf in Resources */,
				8A60E2DD560249F09DB670D6 /* MaterialIcons.ttf in Resources */,
				00D34D5171CB49E78BE17AA1 /* Octicons.ttf in Resources */,
				D13D2D76D7F84C56B3217B76 /* SimpleLineIcons.ttf in Resources */,
				76144F60800A4F16A72F4A3C /* Zocial.ttf in Resources */,
				E87C1312D8114ED7A0226298 /* Kufam-Italic-VariableFont_wght.ttf in Resources */,
				BA80019C8389472B97AA5D5F /* Kufam-VariableFont_wght.ttf in Resources */,
				B585282BF55045F2B88DD567 /* Lato-Black.ttf in Resources */,
				111225BF7C604340A72E3231 /* Lato-BlackItalic.ttf in Resources */,
				D875D06667604B488A57B071 /* Lato-Bold.ttf in Resources */,
				73F79E02928945C1A06F95B4 /* Lato-BoldItalic.ttf in Resources */,
				4CE30AC904E14C04A68CBFCE /* Lato-Italic.ttf in Resources */,
				3E126CB7FB014C9FBEFD1507 /* Lato-Light.ttf in Resources */,
				D3735183119346A5ADCFE451 /* Lato-LightItalic.ttf in Resources */,
				FBB4852200B740AE9D9351E4 /* Lato-Regular.ttf in Resources */,
				4FAD3B9C23584045924633B9 /* Lato-Thin.ttf in Resources */,
				BC3A3BAA21AA406E9CBD539C /* Lato-ThinItalic.ttf in Resources */,
				13919BB143484D5791002BCF /* Kufam-Black.ttf in Resources */,
				FC2E9303F4C34DCEBACD35ED /* Kufam-BlackItalic.ttf in Resources */,
				4FD13D60024F412C8EDA6FF9 /* Kufam-Bold.ttf in Resources */,
				0256FAE725BE441D96A5FBD6 /* Kufam-BoldItalic.ttf in Resources */,
				319549D3E7D44438833A52FE /* Kufam-ExtraBold.ttf in Resources */,
				DBE8E165A2C94DA19788E12C /* Kufam-ExtraBoldItalic.ttf in Resources */,
				42D2E73EC88B4BB6A2564A93 /* Kufam-Italic.ttf in Resources */,
				0CAA7F9F05C44882B532344B /* Kufam-Medium.ttf in Resources */,
				CCD0EB1FEE6E4CCAA3DA3E3F /* Kufam-MediumItalic.ttf in Resources */,
				543B2DBC217B4FEAB6484363 /* Kufam-Regular.ttf in Resources */,
				52FD9136116A4DC9832B61B1 /* Kufam-SemiBold.ttf in Resources */,
				8F92052AD63B48A2BBFF507D /* Kufam-SemiBoldItalic.ttf in Resources */,
			);
			runOnlyForDeploymentPostprocessing = 0;
		};
/* End PBXResourcesBuildPhase section */

/* Begin PBXShellScriptBuildPhase section */
		00DD1BFF1BD5951E006B06BC /* Bundle React Native code and images */ = {
			isa = PBXShellScriptBuildPhase;
			buildActionMask = 2147483647;
			files = (
			);
			inputPaths = (
			);
			name = "Bundle React Native code and images";
			outputPaths = (
			);
			runOnlyForDeploymentPostprocessing = 0;
			shellPath = /bin/sh;
			shellScript = "set -e\n\nexport NODE_BINARY=node\n../node_modules/react-native/scripts/react-native-xcode.sh\n";
		};
		FD10A7F022414F080027D42C /* Start Packager */ = {
			isa = PBXShellScriptBuildPhase;
			buildActionMask = 2147483647;
			files = (
			);
			inputFileListPaths = (
			);
			inputPaths = (
			);
			name = "Start Packager";
			outputFileListPaths = (
			);
			outputPaths = (
			);
			runOnlyForDeploymentPostprocessing = 0;
			shellPath = /bin/sh;
			shellScript = "export RCT_METRO_PORT=\"${RCT_METRO_PORT:=8081}\"\necho \"export RCT_METRO_PORT=${RCT_METRO_PORT}\" > \"${SRCROOT}/../node_modules/react-native/scripts/.packager.env\"\nif [ -z \"${RCT_NO_LAUNCH_PACKAGER+xxx}\" ] ; then\n  if nc -w 5 -z localhost ${RCT_METRO_PORT} ; then\n    if ! curl -s \"http://localhost:${RCT_METRO_PORT}/status\" | grep -q \"packager-status:running\" ; then\n      echo \"Port ${RCT_METRO_PORT} already in use, packager is either not running or not running correctly\"\n      exit 2\n    fi\n  else\n    open \"$SRCROOT/../node_modules/react-native/scripts/launchPackager.command\" || echo \"Can't start packager automatically\"\n  fi\nfi\n";
			showEnvVarsInLog = 0;
		};
/* End PBXShellScriptBuildPhase section */

/* Begin PBXSourcesBuildPhase section */
		00E356EA1AD99517003FC87E /* Sources */ = {
			isa = PBXSourcesBuildPhase;
			buildActionMask = 2147483647;
			files = (
				00E356F31AD99517003FC87E /* SampleTests.m in Sources */,
			);
			runOnlyForDeploymentPostprocessing = 0;
		};
		13B07F871A680F5B00A75B9A /* Sources */ = {
			isa = PBXSourcesBuildPhase;
			buildActionMask = 2147483647;
			files = (
				13B07FBC1A68108700A75B9A /* AppDelegate.m in Sources */,
				13B07FC11A68108700A75B9A /* main.m in Sources */,
			);
			runOnlyForDeploymentPostprocessing = 0;
		};
/* End PBXSourcesBuildPhase section */

/* Begin PBXTargetDependency section */
		00E356F51AD99517003FC87E /* PBXTargetDependency */ = {
			isa = PBXTargetDependency;
			target = 13B07F861A680F5B00A75B9A /* Sample */;
			targetProxy = 00E356F41AD99517003FC87E /* PBXContainerItemProxy */;
		};
/* End PBXTargetDependency section */

/* Begin XCBuildConfiguration section */
		00E356F61AD99517003FC87E /* Debug */ = {
			isa = XCBuildConfiguration;
			buildSettings = {
				BUNDLE_LOADER = "$(TEST_HOST)";
				GCC_PREPROCESSOR_DEFINITIONS = (
					"DEBUG=1",
					"$(inherited)",
				);
				INFOPLIST_FILE = SampleTests/Info.plist;
				IPHONEOS_DEPLOYMENT_TARGET = 10.0;
				LD_RUNPATH_SEARCH_PATHS = (
					"$(inherited)",
					"@executable_path/Frameworks",
					"@loader_path/Frameworks",
				);
				OTHER_LDFLAGS = (
					"-ObjC",
					"-lc++",
					"$(inherited)",
				);
				PRODUCT_BUNDLE_IDENTIFIER = "org.reactjs.native.example.$(PRODUCT_NAME:rfc1034identifier)";
				PRODUCT_NAME = "$(TARGET_NAME)";
				TEST_HOST = "$(BUILT_PRODUCTS_DIR)/Sample.app/Sample";
			};
			name = Debug;
		};
		00E356F71AD99517003FC87E /* Release */ = {
			isa = XCBuildConfiguration;
			buildSettings = {
				BUNDLE_LOADER = "$(TEST_HOST)";
				COPY_PHASE_STRIP = NO;
				INFOPLIST_FILE = SampleTests/Info.plist;
				IPHONEOS_DEPLOYMENT_TARGET = 10.0;
				LD_RUNPATH_SEARCH_PATHS = (
					"$(inherited)",
					"@executable_path/Frameworks",
					"@loader_path/Frameworks",
				);
				OTHER_LDFLAGS = (
					"-ObjC",
					"-lc++",
					"$(inherited)",
				);
				PRODUCT_BUNDLE_IDENTIFIER = "org.reactjs.native.example.$(PRODUCT_NAME:rfc1034identifier)";
				PRODUCT_NAME = "$(TARGET_NAME)";
				TEST_HOST = "$(BUILT_PRODUCTS_DIR)/Sample.app/Sample";
			};
			name = Release;
		};
		13B07F941A680F5B00A75B9A /* Debug */ = {
			isa = XCBuildConfiguration;
			buildSettings = {
				ASSETCATALOG_COMPILER_APPICON_NAME = AppIcon;
				CLANG_ENABLE_MODULES = YES;
				CURRENT_PROJECT_VERSION = 1;
				ENABLE_BITCODE = NO;
				INFOPLIST_FILE = Sample/Info.plist;
				LD_RUNPATH_SEARCH_PATHS = (
					"$(inherited)",
					"@executable_path/Frameworks",
				);
				OTHER_LDFLAGS = (
					"$(inherited)",
					"-ObjC",
					"-lc++",
				);
				PRODUCT_BUNDLE_IDENTIFIER = "org.reactjs.native.example.$(PRODUCT_NAME:rfc1034identifier)";
				PRODUCT_NAME = Sample;
				SWIFT_OPTIMIZATION_LEVEL = "-Onone";
				SWIFT_VERSION = 5.0;
				VERSIONING_SYSTEM = "apple-generic";
			};
			name = Debug;
		};
		13B07F951A680F5B00A75B9A /* Release */ = {
			isa = XCBuildConfiguration;
			buildSettings = {
				ASSETCATALOG_COMPILER_APPICON_NAME = AppIcon;
				CLANG_ENABLE_MODULES = YES;
				CURRENT_PROJECT_VERSION = 1;
				INFOPLIST_FILE = Sample/Info.plist;
				LD_RUNPATH_SEARCH_PATHS = (
					"$(inherited)",
					"@executable_path/Frameworks",
				);
				OTHER_LDFLAGS = (
					"$(inherited)",
					"-ObjC",
					"-lc++",
				);
				PRODUCT_BUNDLE_IDENTIFIER = "org.reactjs.native.example.$(PRODUCT_NAME:rfc1034identifier)";
				PRODUCT_NAME = Sample;
				SWIFT_VERSION = 5.0;
				VERSIONING_SYSTEM = "apple-generic";
			};
			name = Release;
		};
		83CBBA201A601CBA00E9B192 /* Debug */ = {
			isa = XCBuildConfiguration;
			buildSettings = {
				ALWAYS_SEARCH_USER_PATHS = NO;
				CLANG_ANALYZER_LOCALIZABILITY_NONLOCALIZED = YES;
				CLANG_CXX_LANGUAGE_STANDARD = "gnu++0x";
				CLANG_CXX_LIBRARY = "libc++";
				CLANG_ENABLE_MODULES = YES;
				CLANG_ENABLE_OBJC_ARC = YES;
				CLANG_WARN_BLOCK_CAPTURE_AUTORELEASING = YES;
				CLANG_WARN_BOOL_CONVERSION = YES;
				CLANG_WARN_COMMA = YES;
				CLANG_WARN_CONSTANT_CONVERSION = YES;
				CLANG_WARN_DEPRECATED_OBJC_IMPLEMENTATIONS = YES;
				CLANG_WARN_DIRECT_OBJC_ISA_USAGE = YES_ERROR;
				CLANG_WARN_EMPTY_BODY = YES;
				CLANG_WARN_ENUM_CONVERSION = YES;
				CLANG_WARN_INFINITE_RECURSION = YES;
				CLANG_WARN_INT_CONVERSION = YES;
				CLANG_WARN_NON_LITERAL_NULL_CONVERSION = YES;
				CLANG_WARN_OBJC_IMPLICIT_RETAIN_SELF = YES;
				CLANG_WARN_OBJC_LITERAL_CONVERSION = YES;
				CLANG_WARN_OBJC_ROOT_CLASS = YES_ERROR;
				CLANG_WARN_QUOTED_INCLUDE_IN_FRAMEWORK_HEADER = YES;
				CLANG_WARN_RANGE_LOOP_ANALYSIS = YES;
				CLANG_WARN_STRICT_PROTOTYPES = YES;
				CLANG_WARN_SUSPICIOUS_MOVE = YES;
				CLANG_WARN_UNREACHABLE_CODE = YES;
				CLANG_WARN__DUPLICATE_METHOD_MATCH = YES;
				"CODE_SIGN_IDENTITY[sdk=iphoneos*]" = "iPhone Developer";
				COPY_PHASE_STRIP = NO;
				ENABLE_STRICT_OBJC_MSGSEND = YES;
				ENABLE_TESTABILITY = YES;
				GCC_C_LANGUAGE_STANDARD = gnu99;
				GCC_DYNAMIC_NO_PIC = NO;
				GCC_NO_COMMON_BLOCKS = YES;
				GCC_OPTIMIZATION_LEVEL = 0;
				GCC_PREPROCESSOR_DEFINITIONS = (
					"DEBUG=1",
					"$(inherited)",
				);
				GCC_SYMBOLS_PRIVATE_EXTERN = NO;
				GCC_WARN_64_TO_32_BIT_CONVERSION = YES;
				GCC_WARN_ABOUT_RETURN_TYPE = YES_ERROR;
				GCC_WARN_UNDECLARED_SELECTOR = YES;
				GCC_WARN_UNINITIALIZED_AUTOS = YES_AGGRESSIVE;
				GCC_WARN_UNUSED_FUNCTION = YES;
				GCC_WARN_UNUSED_VARIABLE = YES;
				IPHONEOS_DEPLOYMENT_TARGET = 10.0;
				LD_RUNPATH_SEARCH_PATHS = (
					/usr/lib/swift,
					"$(inherited)",
				);
				LIBRARY_SEARCH_PATHS = (
					"\"$(TOOLCHAIN_DIR)/usr/lib/swift/$(PLATFORM_NAME)\"",
					"\"$(TOOLCHAIN_DIR)/usr/lib/swift-5.0/$(PLATFORM_NAME)\"",
					"\"$(inherited)\"",
				);
				MTL_ENABLE_DEBUG_INFO = YES;
				ONLY_ACTIVE_ARCH = YES;
				SDKROOT = iphoneos;
			};
			name = Debug;
		};
		83CBBA211A601CBA00E9B192 /* Release */ = {
			isa = XCBuildConfiguration;
			buildSettings = {
				ALWAYS_SEARCH_USER_PATHS = NO;
				CLANG_ANALYZER_LOCALIZABILITY_NONLOCALIZED = YES;
				CLANG_CXX_LANGUAGE_STANDARD = "gnu++0x";
				CLANG_CXX_LIBRARY = "libc++";
				CLANG_ENABLE_MODULES = YES;
				CLANG_ENABLE_OBJC_ARC = YES;
				CLANG_WARN_BLOCK_CAPTURE_AUTORELEASING = YES;
				CLANG_WARN_BOOL_CONVERSION = YES;
				CLANG_WARN_COMMA = YES;
				CLANG_WARN_CONSTANT_CONVERSION = YES;
				CLANG_WARN_DEPRECATED_OBJC_IMPLEMENTATIONS = YES;
				CLANG_WARN_DIRECT_OBJC_ISA_USAGE = YES_ERROR;
				CLANG_WARN_EMPTY_BODY = YES;
				CLANG_WARN_ENUM_CONVERSION = YES;
				CLANG_WARN_INFINITE_RECURSION = YES;
				CLANG_WARN_INT_CONVERSION = YES;
				CLANG_WARN_NON_LITERAL_NULL_CONVERSION = YES;
				CLANG_WARN_OBJC_IMPLICIT_RETAIN_SELF = YES;
				CLANG_WARN_OBJC_LITERAL_CONVERSION = YES;
				CLANG_WARN_OBJC_ROOT_CLASS = YES_ERROR;
				CLANG_WARN_QUOTED_INCLUDE_IN_FRAMEWORK_HEADER = YES;
				CLANG_WARN_RANGE_LOOP_ANALYSIS = YES;
				CLANG_WARN_STRICT_PROTOTYPES = YES;
				CLANG_WARN_SUSPICIOUS_MOVE = YES;
				CLANG_WARN_UNREACHABLE_CODE = YES;
				CLANG_WARN__DUPLICATE_METHOD_MATCH = YES;
				"CODE_SIGN_IDENTITY[sdk=iphoneos*]" = "iPhone Developer";
				COPY_PHASE_STRIP = YES;
				ENABLE_NS_ASSERTIONS = NO;
				ENABLE_STRICT_OBJC_MSGSEND = YES;
				GCC_C_LANGUAGE_STANDARD = gnu99;
				GCC_NO_COMMON_BLOCKS = YES;
				GCC_WARN_64_TO_32_BIT_CONVERSION = YES;
				GCC_WARN_ABOUT_RETURN_TYPE = YES_ERROR;
				GCC_WARN_UNDECLARED_SELECTOR = YES;
				GCC_WARN_UNINITIALIZED_AUTOS = YES_AGGRESSIVE;
				GCC_WARN_UNUSED_FUNCTION = YES;
				GCC_WARN_UNUSED_VARIABLE = YES;
				IPHONEOS_DEPLOYMENT_TARGET = 10.0;
				LD_RUNPATH_SEARCH_PATHS = (
					/usr/lib/swift,
					"$(inherited)",
				);
				LIBRARY_SEARCH_PATHS = (
					"\"$(TOOLCHAIN_DIR)/usr/lib/swift/$(PLATFORM_NAME)\"",
					"\"$(TOOLCHAIN_DIR)/usr/lib/swift-5.0/$(PLATFORM_NAME)\"",
					"\"$(inherited)\"",
				);
				MTL_ENABLE_DEBUG_INFO = NO;
				SDKROOT = iphoneos;
				VALIDATE_PRODUCT = YES;
			};
			name = Release;
		};
/* End XCBuildConfiguration section */

/* Begin XCConfigurationList section */
		00E357021AD99517003FC87E /* Build configuration list for PBXNativeTarget "SampleTests" */ = {
			isa = XCConfigurationList;
			buildConfigurations = (
				00E356F61AD99517003FC87E /* Debug */,
				00E356F71AD99517003FC87E /* Release */,
			);
			defaultConfigurationIsVisible = 0;
			defaultConfigurationName = Release;
		};
		13B07F931A680F5B00A75B9A /* Build configuration list for PBXNativeTarget "Sample" */ = {
			isa = XCConfigurationList;
			buildConfigurations = (
				13B07F941A680F5B00A75B9A /* Debug */,
				13B07F951A680F5B00A75B9A /* Release */,
			);
			defaultConfigurationIsVisible = 0;
			defaultConfigurationName = Release;
		};
		83CBB9FA1A601CBA00E9B192 /* Build configuration list for PBXProject "Sample" */ = {
			isa = XCConfigurationList;
			buildConfigurations = (
				83CBBA201A601CBA00E9B192 /* Debug */,
				83CBBA211A601CBA00E9B192 /* Release */,
			);
			defaultConfigurationIsVisible = 0;
			defaultConfigurationName = Release;
		};
/* End XCConfigurationList section */
	};
	rootObject = 83CBB9F71A601CBA00E9B192 /* Project object */;
}
